
Microsoft Visual Studio Solution File, Format Version 12.00
# Visual Studio Version 17
VisualStudioVersion = 17.2.32526.322
MinimumVisualStudioVersion = 10.0.40219.1
Project("{8BC9CEB8-8B4A-11D0-8D11-00A0C91BC942}") = "Loader", "Loader.vcxproj", "{2B83C399-AB31-4418-994E-53677757D47E}"
EndProject
Project("{8BC9CEB8-8B4A-11D0-8D11-00A0C91BC942}") = "Detours", "..\external\Detours\vc\Detours.vcxproj", "{37489709-8054-4903-9C49-A79846049FC9}"
EndProject
Project("{8BC9CEB8-8B4A-11D0-8D11-00A0C91BC942}") = "libsnedloader", "..\libsnedloader\libsnedloader.vcxproj", "{F04109DA-34E5-4516-BC88-AF394C4B0F5D}"
EndProject
Project("{8BC9CEB8-8B4A-11D0-8D11-00A0C91BC942}") = "minhook", "..\external\minhook_ProjectFiles\minhook.vcxproj", "{5E77815C-9724-3881-8E07-668BD89C00C2}"
EndProject
Project("{8BC9CEB8-8B4A-11D0-8D11-00A0C91BC942}") = "lua", "..\libsnedloader\lua\lua.vcxproj", "{9E5C90E9-9409-48C0-9BDC-74FA3CA71FFD}"
EndProject
Global
	GlobalSection(SolutionConfigurationPlatforms) = preSolution
		Debug|ARM = Debug|ARM
		Debug|ARM64 = Debug|ARM64
		Debug|x64 = Debug|x64
		Debug|x86 = Debug|x86
		DebugMDd|ARM = DebugMDd|ARM
		DebugMDd|ARM64 = DebugMDd|ARM64
		DebugMDd|x64 = DebugMDd|x64
		DebugMDd|x86 = DebugMDd|x86
		MinSizeRel|ARM = MinSizeRel|ARM
		MinSizeRel|ARM64 = MinSizeRel|ARM64
		MinSizeRel|x64 = MinSizeRel|x64
		MinSizeRel|x86 = MinSizeRel|x86
		Release|ARM = Release|ARM
		Release|ARM64 = Release|ARM64
		Release|x64 = Release|x64
		Release|x86 = Release|x86
		ReleaseMD|ARM = ReleaseMD|ARM
		ReleaseMD|ARM64 = ReleaseMD|ARM64
		ReleaseMD|x64 = ReleaseMD|x64
		ReleaseMD|x86 = ReleaseMD|x86
		RelWithDebInfo|ARM = RelWithDebInfo|ARM
		RelWithDebInfo|ARM64 = RelWithDebInfo|ARM64
		RelWithDebInfo|x64 = RelWithDebInfo|x64
		RelWithDebInfo|x86 = RelWithDebInfo|x86
	EndGlobalSection
	GlobalSection(ProjectConfigurationPlatforms) = postSolution
		{2B83C399-AB31-4418-994E-53677757D47E}.Debug|ARM.ActiveCfg = Debug|Win32
		{2B83C399-AB31-4418-994E-53677757D47E}.Debug|ARM64.ActiveCfg = Debug|Win32
		{2B83C399-AB31-4418-994E-53677757D47E}.Debug|x64.ActiveCfg = Debug|x64
		{2B83C399-AB31-4418-994E-53677757D47E}.Debug|x64.Build.0 = Debug|x64
		{2B83C399-AB31-4418-994E-53677757D47E}.Debug|x86.ActiveCfg = Debug|Win32
		{2B83C399-AB31-4418-994E-53677757D47E}.Debug|x86.Build.0 = Debug|Win32
		{2B83C399-AB31-4418-994E-53677757D47E}.DebugMDd|ARM.ActiveCfg = Release|Win32
		{2B83C399-AB31-4418-994E-53677757D47E}.DebugMDd|ARM.Build.0 = Release|Win32
		{2B83C399-AB31-4418-994E-53677757D47E}.DebugMDd|ARM64.ActiveCfg = Release|Win32
		{2B83C399-AB31-4418-994E-53677757D47E}.DebugMDd|ARM64.Build.0 = Release|Win32
		{2B83C399-AB31-4418-994E-53677757D47E}.DebugMDd|x64.ActiveCfg = Debug|x64
		{2B83C399-AB31-4418-994E-53677757D47E}.DebugMDd|x64.Build.0 = Debug|x64
		{2B83C399-AB31-4418-994E-53677757D47E}.DebugMDd|x86.ActiveCfg = Debug|Win32
		{2B83C399-AB31-4418-994E-53677757D47E}.DebugMDd|x86.Build.0 = Debug|Win32
		{2B83C399-AB31-4418-994E-53677757D47E}.MinSizeRel|ARM.ActiveCfg = Release|x64
		{2B83C399-AB31-4418-994E-53677757D47E}.MinSizeRel|ARM.Build.0 = Release|x64
		{2B83C399-AB31-4418-994E-53677757D47E}.MinSizeRel|ARM64.ActiveCfg = Release|x64
		{2B83C399-AB31-4418-994E-53677757D47E}.MinSizeRel|ARM64.Build.0 = Release|x64
		{2B83C399-AB31-4418-994E-53677757D47E}.MinSizeRel|x64.ActiveCfg = Release|x64
		{2B83C399-AB31-4418-994E-53677757D47E}.MinSizeRel|x64.Build.0 = Release|x64
		{2B83C399-AB31-4418-994E-53677757D47E}.MinSizeRel|x86.ActiveCfg = Release|Win32
		{2B83C399-AB31-4418-994E-53677757D47E}.MinSizeRel|x86.Build.0 = Release|Win32
		{2B83C399-AB31-4418-994E-53677757D47E}.Release|ARM.ActiveCfg = Release|Win32
		{2B83C399-AB31-4418-994E-53677757D47E}.Release|ARM64.ActiveCfg = Release|Win32
		{2B83C399-AB31-4418-994E-53677757D47E}.Release|x64.ActiveCfg = Release|x64
		{2B83C399-AB31-4418-994E-53677757D47E}.Release|x64.Build.0 = Release|x64
		{2B83C399-AB31-4418-994E-53677757D47E}.Release|x86.ActiveCfg = Release|Win32
		{2B83C399-AB31-4418-994E-53677757D47E}.Release|x86.Build.0 = Release|Win32
		{2B83C399-AB31-4418-994E-53677757D47E}.ReleaseMD|ARM.ActiveCfg = Release|Win32
		{2B83C399-AB31-4418-994E-53677757D47E}.ReleaseMD|ARM.Build.0 = Release|Win32
		{2B83C399-AB31-4418-994E-53677757D47E}.ReleaseMD|ARM64.ActiveCfg = Release|Win32
		{2B83C399-AB31-4418-994E-53677757D47E}.ReleaseMD|ARM64.Build.0 = Release|Win32
		{2B83C399-AB31-4418-994E-53677757D47E}.ReleaseMD|x64.ActiveCfg = Release|x64
		{2B83C399-AB31-4418-994E-53677757D47E}.ReleaseMD|x64.Build.0 = Release|x64
		{2B83C399-AB31-4418-994E-53677757D47E}.ReleaseMD|x86.ActiveCfg = Release|Win32
		{2B83C399-AB31-4418-994E-53677757D47E}.ReleaseMD|x86.Build.0 = Release|Win32
		{2B83C399-AB31-4418-994E-53677757D47E}.RelWithDebInfo|ARM.ActiveCfg = Release|x64
		{2B83C399-AB31-4418-994E-53677757D47E}.RelWithDebInfo|ARM.Build.0 = Release|x64
		{2B83C399-AB31-4418-994E-53677757D47E}.RelWithDebInfo|ARM64.ActiveCfg = Release|x64
		{2B83C399-AB31-4418-994E-53677757D47E}.RelWithDebInfo|ARM64.Build.0 = Release|x64
		{2B83C399-AB31-4418-994E-53677757D47E}.RelWithDebInfo|x64.ActiveCfg = Release|x64
		{2B83C399-AB31-4418-994E-53677757D47E}.RelWithDebInfo|x64.Build.0 = Release|x64
		{2B83C399-AB31-4418-994E-53677757D47E}.RelWithDebInfo|x86.ActiveCfg = Release|Win32
		{2B83C399-AB31-4418-994E-53677757D47E}.RelWithDebInfo|x86.Build.0 = Release|Win32
		{37489709-8054-4903-9C49-A79846049FC9}.Debug|ARM.ActiveCfg = DebugMDd|ARM
		{37489709-8054-4903-9C49-A79846049FC9}.Debug|ARM.Build.0 = DebugMDd|ARM
		{37489709-8054-4903-9C49-A79846049FC9}.Debug|ARM64.ActiveCfg = DebugMDd|ARM64
		{37489709-8054-4903-9C49-A79846049FC9}.Debug|ARM64.Build.0 = DebugMDd|ARM64
		{37489709-8054-4903-9C49-A79846049FC9}.Debug|x64.ActiveCfg = DebugMDd|x64
		{37489709-8054-4903-9C49-A79846049FC9}.Debug|x64.Build.0 = DebugMDd|x64
		{37489709-8054-4903-9C49-A79846049FC9}.Debug|x86.ActiveCfg = DebugMDd|Win32
		{37489709-8054-4903-9C49-A79846049FC9}.Debug|x86.Build.0 = DebugMDd|Win32
		{37489709-8054-4903-9C49-A79846049FC9}.DebugMDd|ARM.ActiveCfg = DebugMDd|ARM
		{37489709-8054-4903-9C49-A79846049FC9}.DebugMDd|ARM.Build.0 = DebugMDd|ARM
		{37489709-8054-4903-9C49-A79846049FC9}.DebugMDd|ARM64.ActiveCfg = DebugMDd|ARM64
		{37489709-8054-4903-9C49-A79846049FC9}.DebugMDd|ARM64.Build.0 = DebugMDd|ARM64
		{37489709-8054-4903-9C49-A79846049FC9}.DebugMDd|x64.ActiveCfg = DebugMDd|x64
		{37489709-8054-4903-9C49-A79846049FC9}.DebugMDd|x64.Build.0 = DebugMDd|x64
		{37489709-8054-4903-9C49-A79846049FC9}.DebugMDd|x86.ActiveCfg = DebugMDd|Win32
		{37489709-8054-4903-9C49-A79846049FC9}.DebugMDd|x86.Build.0 = DebugMDd|Win32
		{37489709-8054-4903-9C49-A79846049FC9}.MinSizeRel|ARM.ActiveCfg = ReleaseMD|ARM
		{37489709-8054-4903-9C49-A79846049FC9}.MinSizeRel|ARM.Build.0 = ReleaseMD|ARM
		{37489709-8054-4903-9C49-A79846049FC9}.MinSizeRel|ARM64.ActiveCfg = ReleaseMD|ARM64
		{37489709-8054-4903-9C49-A79846049FC9}.MinSizeRel|ARM64.Build.0 = ReleaseMD|ARM64
		{37489709-8054-4903-9C49-A79846049FC9}.MinSizeRel|x64.ActiveCfg = ReleaseMD|x64
		{37489709-8054-4903-9C49-A79846049FC9}.MinSizeRel|x64.Build.0 = ReleaseMD|x64
		{37489709-8054-4903-9C49-A79846049FC9}.MinSizeRel|x86.ActiveCfg = ReleaseMD|Win32
		{37489709-8054-4903-9C49-A79846049FC9}.MinSizeRel|x86.Build.0 = ReleaseMD|Win32
		{37489709-8054-4903-9C49-A79846049FC9}.Release|ARM.ActiveCfg = ReleaseMD|ARM
		{37489709-8054-4903-9C49-A79846049FC9}.Release|ARM.Build.0 = ReleaseMD|ARM
		{37489709-8054-4903-9C49-A79846049FC9}.Release|ARM64.ActiveCfg = ReleaseMD|ARM64
		{37489709-8054-4903-9C49-A79846049FC9}.Release|ARM64.Build.0 = ReleaseMD|ARM64
		{37489709-8054-4903-9C49-A79846049FC9}.Release|x64.ActiveCfg = ReleaseMD|x64
		{37489709-8054-4903-9C49-A79846049FC9}.Release|x64.Build.0 = ReleaseMD|x64
		{37489709-8054-4903-9C49-A79846049FC9}.Release|x86.ActiveCfg = ReleaseMD|Win32
		{37489709-8054-4903-9C49-A79846049FC9}.Release|x86.Build.0 = ReleaseMD|Win32
		{37489709-8054-4903-9C49-A79846049FC9}.ReleaseMD|ARM.ActiveCfg = ReleaseMD|ARM
		{37489709-8054-4903-9C49-A79846049FC9}.ReleaseMD|ARM.Build.0 = ReleaseMD|ARM
		{37489709-8054-4903-9C49-A79846049FC9}.ReleaseMD|ARM64.ActiveCfg = ReleaseMD|ARM64
		{37489709-8054-4903-9C49-A79846049FC9}.ReleaseMD|ARM64.Build.0 = ReleaseMD|ARM64
		{37489709-8054-4903-9C49-A79846049FC9}.ReleaseMD|x64.ActiveCfg = ReleaseMD|x64
		{37489709-8054-4903-9C49-A79846049FC9}.ReleaseMD|x64.Build.0 = ReleaseMD|x64
		{37489709-8054-4903-9C49-A79846049FC9}.ReleaseMD|x86.ActiveCfg = ReleaseMD|Win32
		{37489709-8054-4903-9C49-A79846049FC9}.ReleaseMD|x86.Build.0 = ReleaseMD|Win32
		{37489709-8054-4903-9C49-A79846049FC9}.RelWithDebInfo|ARM.ActiveCfg = ReleaseMD|ARM
		{37489709-8054-4903-9C49-A79846049FC9}.RelWithDebInfo|ARM.Build.0 = ReleaseMD|ARM
		{37489709-8054-4903-9C49-A79846049FC9}.RelWithDebInfo|ARM64.ActiveCfg = ReleaseMD|ARM64
		{37489709-8054-4903-9C49-A79846049FC9}.RelWithDebInfo|ARM64.Build.0 = ReleaseMD|ARM64
		{37489709-8054-4903-9C49-A79846049FC9}.RelWithDebInfo|x64.ActiveCfg = ReleaseMD|x64
		{37489709-8054-4903-9C49-A79846049FC9}.RelWithDebInfo|x64.Build.0 = ReleaseMD|x64
		{37489709-8054-4903-9C49-A79846049FC9}.RelWithDebInfo|x86.ActiveCfg = ReleaseMD|Win32
		{37489709-8054-4903-9C49-A79846049FC9}.RelWithDebInfo|x86.Build.0 = ReleaseMD|Win32
		{F04109DA-34E5-4516-BC88-AF394C4B0F5D}.Debug|ARM.ActiveCfg = Debug|x64
		{F04109DA-34E5-4516-BC88-AF394C4B0F5D}.Debug|ARM.Build.0 = Debug|x64
		{F04109DA-34E5-4516-BC88-AF394C4B0F5D}.Debug|ARM64.ActiveCfg = Debug|x64
		{F04109DA-34E5-4516-BC88-AF394C4B0F5D}.Debug|ARM64.Build.0 = Debug|x64
		{F04109DA-34E5-4516-BC88-AF394C4B0F5D}.Debug|x64.ActiveCfg = Debug|x64
		{F04109DA-34E5-4516-BC88-AF394C4B0F5D}.Debug|x64.Build.0 = Debug|x64
		{F04109DA-34E5-4516-BC88-AF394C4B0F5D}.Debug|x86.ActiveCfg = Debug|Win32
		{F04109DA-34E5-4516-BC88-AF394C4B0F5D}.Debug|x86.Build.0 = Debug|Win32
		{F04109DA-34E5-4516-BC88-AF394C4B0F5D}.DebugMDd|ARM.ActiveCfg = Debug|x64
		{F04109DA-34E5-4516-BC88-AF394C4B0F5D}.DebugMDd|ARM.Build.0 = Debug|x64
		{F04109DA-34E5-4516-BC88-AF394C4B0F5D}.DebugMDd|ARM64.ActiveCfg = Debug|x64
		{F04109DA-34E5-4516-BC88-AF394C4B0F5D}.DebugMDd|ARM64.Build.0 = Debug|x64
		{F04109DA-34E5-4516-BC88-AF394C4B0F5D}.DebugMDd|x64.ActiveCfg = Debug|x64
		{F04109DA-34E5-4516-BC88-AF394C4B0F5D}.DebugMDd|x64.Build.0 = Debug|x64
		{F04109DA-34E5-4516-BC88-AF394C4B0F5D}.DebugMDd|x86.ActiveCfg = Debug|Win32
		{F04109DA-34E5-4516-BC88-AF394C4B0F5D}.DebugMDd|x86.Build.0 = Debug|Win32
		{F04109DA-34E5-4516-BC88-AF394C4B0F5D}.MinSizeRel|ARM.ActiveCfg = Debug|x64
		{F04109DA-34E5-4516-BC88-AF394C4B0F5D}.MinSizeRel|ARM.Build.0 = Debug|x64
		{F04109DA-34E5-4516-BC88-AF394C4B0F5D}.MinSizeRel|ARM64.ActiveCfg = Debug|x64
		{F04109DA-34E5-4516-BC88-AF394C4B0F5D}.MinSizeRel|ARM64.Build.0 = Debug|x64
		{F04109DA-34E5-4516-BC88-AF394C4B0F5D}.MinSizeRel|x64.ActiveCfg = Debug|x64
		{F04109DA-34E5-4516-BC88-AF394C4B0F5D}.MinSizeRel|x64.Build.0 = Debug|x64
		{F04109DA-34E5-4516-BC88-AF394C4B0F5D}.MinSizeRel|x86.ActiveCfg = Debug|Win32
		{F04109DA-34E5-4516-BC88-AF394C4B0F5D}.MinSizeRel|x86.Build.0 = Debug|Win32
		{F04109DA-34E5-4516-BC88-AF394C4B0F5D}.Release|ARM.ActiveCfg = Release|x64
		{F04109DA-34E5-4516-BC88-AF394C4B0F5D}.Release|ARM.Build.0 = Release|x64
		{F04109DA-34E5-4516-BC88-AF394C4B0F5D}.Release|ARM64.ActiveCfg = Release|x64
		{F04109DA-34E5-4516-BC88-AF394C4B0F5D}.Release|ARM64.Build.0 = Release|x64
		{F04109DA-34E5-4516-BC88-AF394C4B0F5D}.Release|x64.ActiveCfg = Release|x64
		{F04109DA-34E5-4516-BC88-AF394C4B0F5D}.Release|x64.Build.0 = Release|x64
		{F04109DA-34E5-4516-BC88-AF394C4B0F5D}.Release|x86.ActiveCfg = Release|Win32
		{F04109DA-34E5-4516-BC88-AF394C4B0F5D}.Release|x86.Build.0 = Release|Win32
		{F04109DA-34E5-4516-BC88-AF394C4B0F5D}.ReleaseMD|ARM.ActiveCfg = Release|x64
		{F04109DA-34E5-4516-BC88-AF394C4B0F5D}.ReleaseMD|ARM.Build.0 = Release|x64
		{F04109DA-34E5-4516-BC88-AF394C4B0F5D}.ReleaseMD|ARM64.ActiveCfg = Release|x64
		{F04109DA-34E5-4516-BC88-AF394C4B0F5D}.ReleaseMD|ARM64.Build.0 = Release|x64
		{F04109DA-34E5-4516-BC88-AF394C4B0F5D}.ReleaseMD|x64.ActiveCfg = Release|x64
		{F04109DA-34E5-4516-BC88-AF394C4B0F5D}.ReleaseMD|x64.Build.0 = Release|x64
		{F04109DA-34E5-4516-BC88-AF394C4B0F5D}.ReleaseMD|x86.ActiveCfg = Release|Win32
		{F04109DA-34E5-4516-BC88-AF394C4B0F5D}.ReleaseMD|x86.Build.0 = Release|Win32
		{F04109DA-34E5-4516-BC88-AF394C4B0F5D}.RelWithDebInfo|ARM.ActiveCfg = Release|x64
		{F04109DA-34E5-4516-BC88-AF394C4B0F5D}.RelWithDebInfo|ARM.Build.0 = Release|x64
		{F04109DA-34E5-4516-BC88-AF394C4B0F5D}.RelWithDebInfo|ARM64.ActiveCfg = Release|x64
		{F04109DA-34E5-4516-BC88-AF394C4B0F5D}.RelWithDebInfo|ARM64.Build.0 = Release|x64
		{F04109DA-34E5-4516-BC88-AF394C4B0F5D}.RelWithDebInfo|x64.ActiveCfg = Release|x64
		{F04109DA-34E5-4516-BC88-AF394C4B0F5D}.RelWithDebInfo|x64.Build.0 = Release|x64
		{F04109DA-34E5-4516-BC88-AF394C4B0F5D}.RelWithDebInfo|x86.ActiveCfg = Release|Win32
		{F04109DA-34E5-4516-BC88-AF394C4B0F5D}.RelWithDebInfo|x86.Build.0 = Release|Win32
		{5E77815C-9724-3881-8E07-668BD89C00C2}.Debug|ARM.ActiveCfg = Debug|x64
		{5E77815C-9724-3881-8E07-668BD89C00C2}.Debug|ARM.Build.0 = Debug|x64
		{5E77815C-9724-3881-8E07-668BD89C00C2}.Debug|ARM64.ActiveCfg = Debug|x64
		{5E77815C-9724-3881-8E07-668BD89C00C2}.Debug|ARM64.Build.0 = Debug|x64
		{5E77815C-9724-3881-8E07-668BD89C00C2}.Debug|x64.ActiveCfg = Debug|x64
		{5E77815C-9724-3881-8E07-668BD89C00C2}.Debug|x64.Build.0 = Debug|x64
		{5E77815C-9724-3881-8E07-668BD89C00C2}.Debug|x86.ActiveCfg = Debug|x64
		{5E77815C-9724-3881-8E07-668BD89C00C2}.Debug|x86.Build.0 = Debug|x64
		{5E77815C-9724-3881-8E07-668BD89C00C2}.DebugMDd|ARM.ActiveCfg = Debug|x64
		{5E77815C-9724-3881-8E07-668BD89C00C2}.DebugMDd|ARM.Build.0 = Debug|x64
		{5E77815C-9724-3881-8E07-668BD89C00C2}.DebugMDd|ARM64.ActiveCfg = Debug|x64
		{5E77815C-9724-3881-8E07-668BD89C00C2}.DebugMDd|ARM64.Build.0 = Debug|x64
		{5E77815C-9724-3881-8E07-668BD89C00C2}.DebugMDd|x64.ActiveCfg = Debug|x64
		{5E77815C-9724-3881-8E07-668BD89C00C2}.DebugMDd|x64.Build.0 = Debug|x64
		{5E77815C-9724-3881-8E07-668BD89C00C2}.DebugMDd|x86.ActiveCfg = Debug|x64
		{5E77815C-9724-3881-8E07-668BD89C00C2}.DebugMDd|x86.Build.0 = Debug|x64
		{5E77815C-9724-3881-8E07-668BD89C00C2}.MinSizeRel|ARM.ActiveCfg = MinSizeRel|x64
		{5E77815C-9724-3881-8E07-668BD89C00C2}.MinSizeRel|ARM.Build.0 = MinSizeRel|x64
		{5E77815C-9724-3881-8E07-668BD89C00C2}.MinSizeRel|ARM64.ActiveCfg = MinSizeRel|x64
		{5E77815C-9724-3881-8E07-668BD89C00C2}.MinSizeRel|ARM64.Build.0 = MinSizeRel|x64
		{5E77815C-9724-3881-8E07-668BD89C00C2}.MinSizeRel|x64.ActiveCfg = MinSizeRel|x64
		{5E77815C-9724-3881-8E07-668BD89C00C2}.MinSizeRel|x64.Build.0 = MinSizeRel|x64
		{5E77815C-9724-3881-8E07-668BD89C00C2}.MinSizeRel|x86.ActiveCfg = MinSizeRel|x64
		{5E77815C-9724-3881-8E07-668BD89C00C2}.MinSizeRel|x86.Build.0 = MinSizeRel|x64
		{5E77815C-9724-3881-8E07-668BD89C00C2}.Release|ARM.ActiveCfg = Release|x64
		{5E77815C-9724-3881-8E07-668BD89C00C2}.Release|ARM.Build.0 = Release|x64
		{5E77815C-9724-3881-8E07-668BD89C00C2}.Release|ARM64.ActiveCfg = Release|x64
		{5E77815C-9724-3881-8E07-668BD89C00C2}.Release|ARM64.Build.0 = Release|x64
		{5E77815C-9724-3881-8E07-668BD89C00C2}.Release|x64.ActiveCfg = Release|x64
		{5E77815C-9724-3881-8E07-668BD89C00C2}.Release|x64.Build.0 = Release|x64
		{5E77815C-9724-3881-8E07-668BD89C00C2}.Release|x86.ActiveCfg = Release|x64
		{5E77815C-9724-3881-8E07-668BD89C00C2}.Release|x86.Build.0 = Release|x64
		{5E77815C-9724-3881-8E07-668BD89C00C2}.ReleaseMD|ARM.ActiveCfg = RelWithDebInfo|x64
		{5E77815C-9724-3881-8E07-668BD89C00C2}.ReleaseMD|ARM.Build.0 = RelWithDebInfo|x64
		{5E77815C-9724-3881-8E07-668BD89C00C2}.ReleaseMD|ARM64.ActiveCfg = RelWithDebInfo|x64
		{5E77815C-9724-3881-8E07-668BD89C00C2}.ReleaseMD|ARM64.Build.0 = RelWithDebInfo|x64
		{5E77815C-9724-3881-8E07-668BD89C00C2}.ReleaseMD|x64.ActiveCfg = RelWithDebInfo|x64
		{5E77815C-9724-3881-8E07-668BD89C00C2}.ReleaseMD|x64.Build.0 = RelWithDebInfo|x64
		{5E77815C-9724-3881-8E07-668BD89C00C2}.ReleaseMD|x86.ActiveCfg = RelWithDebInfo|x64
		{5E77815C-9724-3881-8E07-668BD89C00C2}.ReleaseMD|x86.Build.0 = RelWithDebInfo|x64
		{5E77815C-9724-3881-8E07-668BD89C00C2}.RelWithDebInfo|ARM.ActiveCfg = RelWithDebInfo|x64
		{5E77815C-9724-3881-8E07-668BD89C00C2}.RelWithDebInfo|ARM.Build.0 = RelWithDebInfo|x64
		{5E77815C-9724-3881-8E07-668BD89C00C2}.RelWithDebInfo|ARM64.ActiveCfg = RelWithDebInfo|x64
		{5E77815C-9724-3881-8E07-668BD89C00C2}.RelWithDebInfo|ARM64.Build.0 = RelWithDebInfo|x64
		{5E77815C-9724-3881-8E07-668BD89C00C2}.RelWithDebInfo|x64.ActiveCfg = RelWithDebInfo|x64
		{5E77815C-9724-3881-8E07-668BD89C00C2}.RelWithDebInfo|x64.Build.0 = RelWithDebInfo|x64
		{5E77815C-9724-3881-8E07-668BD89C00C2}.RelWithDebInfo|x86.ActiveCfg = RelWithDebInfo|x64
		{5E77815C-9724-3881-8E07-668BD89C00C2}.RelWithDebInfo|x86.Build.0 = RelWithDebInfo|x64
		{9E5C90E9-9409-48C0-9BDC-74FA3CA71FFD}.Debug|ARM.ActiveCfg = Debug|x64
		{9E5C90E9-9409-48C0-9BDC-74FA3CA71FFD}.Debug|ARM.Build.0 = Debug|x64
		{9E5C90E9-9409-48C0-9BDC-74FA3CA71FFD}.Debug|ARM64.ActiveCfg = Debug|x64
		{9E5C90E9-9409-48C0-9BDC-74FA3CA71FFD}.Debug|ARM64.Build.0 = Debug|x64
		{9E5C90E9-9409-48C0-9BDC-74FA3CA71FFD}.Debug|x64.ActiveCfg = Debug|x64
		{9E5C90E9-9409-48C0-9BDC-74FA3CA71FFD}.Debug|x64.Build.0 = Debug|x64
		{9E5C90E9-9409-48C0-9BDC-74FA3CA71FFD}.Debug|x86.ActiveCfg = Debug|Win32
		{9E5C90E9-9409-48C0-9BDC-74FA3CA71FFD}.Debug|x86.Build.0 = Debug|Win32
		{9E5C90E9-9409-48C0-9BDC-74FA3CA71FFD}.DebugMDd|ARM.ActiveCfg = Debug|x64
		{9E5C90E9-9409-48C0-9BDC-74FA3CA71FFD}.DebugMDd|ARM.Build.0 = Debug|x64
		{9E5C90E9-9409-48C0-9BDC-74FA3CA71FFD}.DebugMDd|ARM64.ActiveCfg = Debug|x64
		{9E5C90E9-9409-48C0-9BDC-74FA3CA71FFD}.DebugMDd|ARM64.Build.0 = Debug|x64
		{9E5C90E9-9409-48C0-9BDC-74FA3CA71FFD}.DebugMDd|x64.ActiveCfg = Debug|x64
		{9E5C90E9-9409-48C0-9BDC-74FA3CA71FFD}.DebugMDd|x64.Build.0 = Debug|x64
		{9E5C90E9-9409-48C0-9BDC-74FA3CA71FFD}.DebugMDd|x86.ActiveCfg = Debug|Win32
		{9E5C90E9-9409-48C0-9BDC-74FA3CA71FFD}.DebugMDd|x86.Build.0 = Debug|Win32
		{9E5C90E9-9409-48C0-9BDC-74FA3CA71FFD}.MinSizeRel|ARM.ActiveCfg = Debug|x64
		{9E5C90E9-9409-48C0-9BDC-74FA3CA71FFD}.MinSizeRel|ARM.Build.0 = Debug|x64
		{9E5C90E9-9409-48C0-9BDC-74FA3CA71FFD}.MinSizeRel|ARM64.ActiveCfg = Debug|x64
		{9E5C90E9-9409-48C0-9BDC-74FA3CA71FFD}.MinSizeRel|ARM64.Build.0 = Debug|x64
		{9E5C90E9-9409-48C0-9BDC-74FA3CA71FFD}.MinSizeRel|x64.ActiveCfg = Debug|x64
		{9E5C90E9-9409-48C0-9BDC-74FA3CA71FFD}.MinSizeRel|x64.Build.0 = Debug|x64
		{9E5C90E9-9409-48C0-9BDC-74FA3CA71FFD}.MinSizeRel|x86.ActiveCfg = Debug|Win32
		{9E5C90E9-9409-48C0-9BDC-74FA3CA71FFD}.MinSizeRel|x86.Build.0 = Debug|Win32
		{9E5C90E9-9409-48C0-9BDC-74FA3CA71FFD}.Release|ARM.ActiveCfg = Release|x64
		{9E5C90E9-9409-48C0-9BDC-74FA3CA71FFD}.Release|ARM.Build.0 = Release|x64
		{9E5C90E9-9409-48C0-9BDC-74FA3CA71FFD}.Release|ARM64.ActiveCfg = Release|x64
		{9E5C90E9-9409-48C0-9BDC-74FA3CA71FFD}.Release|ARM64.Build.0 = Release|x64
		{9E5C90E9-9409-48C0-9BDC-74FA3CA71FFD}.Release|x64.ActiveCfg = Release|x64
		{9E5C90E9-9409-48C0-9BDC-74FA3CA71FFD}.Release|x64.Build.0 = Release|x64
		{9E5C90E9-9409-48C0-9BDC-74FA3CA71FFD}.Release|x86.ActiveCfg = Release|Win32
		{9E5C90E9-9409-48C0-9BDC-74FA3CA71FFD}.Release|x86.Build.0 = Release|Win32
		{9E5C90E9-9409-48C0-9BDC-74FA3CA71FFD}.ReleaseMD|ARM.ActiveCfg = Release|x64
		{9E5C90E9-9409-48C0-9BDC-74FA3CA71FFD}.ReleaseMD|ARM.Build.0 = Release|x64
		{9E5C90E9-9409-48C0-9BDC-74FA3CA71FFD}.ReleaseMD|ARM64.ActiveCfg = Release|x64
		{9E5C90E9-9409-48C0-9BDC-74FA3CA71FFD}.ReleaseMD|ARM64.Build.0 = Release|x64
		{9E5C90E9-9409-48C0-9BDC-74FA3CA71FFD}.ReleaseMD|x64.ActiveCfg = Release|x64
		{9E5C90E9-9409-48C0-9BDC-74FA3CA71FFD}.ReleaseMD|x64.Build.0 = Release|x64
		{9E5C90E9-9409-48C0-9BDC-74FA3CA71FFD}.ReleaseMD|x86.ActiveCfg = Release|Win32
		{9E5C90E9-9409-48C0-9BDC-74FA3CA71FFD}.ReleaseMD|x86.Build.0 = Release|Win32
		{9E5C90E9-9409-48C0-9BDC-74FA3CA71FFD}.RelWithDebInfo|ARM.ActiveCfg = Release|x64
		{9E5C90E9-9409-48C0-9BDC-74FA3CA71FFD}.RelWithDebInfo|ARM.Build.0 = Release|x64
		{9E5C90E9-9409-48C0-9BDC-74FA3CA71FFD}.RelWithDebInfo|ARM64.ActiveCfg = Release|x64
		{9E5C90E9-9409-48C0-9BDC-74FA3CA71FFD}.RelWithDebInfo|ARM64.Build.0 = Release|x64
		{9E5C90E9-9409-48C0-9BDC-74FA3CA71FFD}.RelWithDebInfo|x64.ActiveCfg = Release|x64
		{9E5C90E9-9409-48C0-9BDC-74FA3CA71FFD}.RelWithDebInfo|x64.Build.0 = Release|x64
		{9E5C90E9-9409-48C0-9BDC-74FA3CA71FFD}.RelWithDebInfo|x86.ActiveCfg = Release|Win32
		{9E5C90E9-9409-48C0-9BDC-74FA3CA71FFD}.RelWithDebInfo|x86.Build.0 = Release|Win32
	EndGlobalSection
	GlobalSection(SolutionProperties) = preSolution
		HideSolutionNode = FALSE
	EndGlobalSection
	GlobalSection(ExtensibilityGlobals) = postSolution
		SolutionGuid = {C9D71F25-10FF-4AA5-9204-A8A307DB1231}
	EndGlobalSection
EndGlobal
